// !$*UTF8*$!
{
	archiveVersion = 1;
	classes = {
	};
	objectVersion = 50;
	objects = {

/* Begin PBXBuildFile section */
		57CCDA9B22624AFE00CB4F15 /* AppDelegate.swift in Sources */ = {isa = PBXBuildFile; fileRef = 57CCDA9A22624AFE00CB4F15 /* AppDelegate.swift */; };
		57CCDA9D22624AFE00CB4F15 /* MainViewController.swift in Sources */ = {isa = PBXBuildFile; fileRef = 57CCDA9C22624AFE00CB4F15 /* MainViewController.swift */; };
		57CCDAA022624AFE00CB4F15 /* Main.storyboard in Resources */ = {isa = PBXBuildFile; fileRef = 57CCDA9E22624AFE00CB4F15 /* Main.storyboard */; };
		57CCDAA322624AFE00CB4F15 /* Replyr.xcdatamodeld in Sources */ = {isa = PBXBuildFile; fileRef = 57CCDAA122624AFE00CB4F15 /* Replyr.xcdatamodeld */; };
		57CCDAA522624AFF00CB4F15 /* Assets.xcassets in Resources */ = {isa = PBXBuildFile; fileRef = 57CCDAA422624AFF00CB4F15 /* Assets.xcassets */; };
		57CCDAA822624AFF00CB4F15 /* LaunchScreen.storyboard in Resources */ = {isa = PBXBuildFile; fileRef = 57CCDAA622624AFF00CB4F15 /* LaunchScreen.storyboard */; };
		57CCDAB022625BEF00CB4F15 /* Message.swift in Sources */ = {isa = PBXBuildFile; fileRef = 57CCDAAF22625BEF00CB4F15 /* Message.swift */; };
		57CCDAB22262688500CB4F15 /* MessageSpec.swift in Sources */ = {isa = PBXBuildFile; fileRef = 57CCDAB12262688500CB4F15 /* MessageSpec.swift */; };
		57CCDAB42262690100CB4F15 /* RemoteMessageGateway.swift in Sources */ = {isa = PBXBuildFile; fileRef = 57CCDAB32262690100CB4F15 /* RemoteMessageGateway.swift */; };
		57CCDAB622626A3D00CB4F15 /* ResultHandler.swift in Sources */ = {isa = PBXBuildFile; fileRef = 57CCDAB522626A3D00CB4F15 /* ResultHandler.swift */; };
		57CCDAB8226270FD00CB4F15 /* MessageGateway.swift in Sources */ = {isa = PBXBuildFile; fileRef = 57CCDAB7226270FD00CB4F15 /* MessageGateway.swift */; };
		57CCDABA2262712B00CB4F15 /* LocalMessageGateway.swift in Sources */ = {isa = PBXBuildFile; fileRef = 57CCDAB92262712B00CB4F15 /* LocalMessageGateway.swift */; };
/* End PBXBuildFile section */

/* Begin PBXFileReference section */
		57CCDA9722624AFE00CB4F15 /* Replyr.app */ = {isa = PBXFileReference; explicitFileType = wrapper.application; includeInIndex = 0; path = Replyr.app; sourceTree = BUILT_PRODUCTS_DIR; };
		57CCDA9A22624AFE00CB4F15 /* AppDelegate.swift */ = {isa = PBXFileReference; lastKnownFileType = sourcecode.swift; path = AppDelegate.swift; sourceTree = "<group>"; };
		57CCDA9C22624AFE00CB4F15 /* MainViewController.swift */ = {isa = PBXFileReference; lastKnownFileType = sourcecode.swift; path = MainViewController.swift; sourceTree = "<group>"; };
		57CCDA9F22624AFE00CB4F15 /* Base */ = {isa = PBXFileReference; lastKnownFileType = file.storyboard; name = Base; path = Base.lproj/Main.storyboard; sourceTree = "<group>"; };
		57CCDAA222624AFE00CB4F15 /* Replyr.xcdatamodel */ = {isa = PBXFileReference; lastKnownFileType = wrapper.xcdatamodel; path = Replyr.xcdatamodel; sourceTree = "<group>"; };
		57CCDAA422624AFF00CB4F15 /* Assets.xcassets */ = {isa = PBXFileReference; lastKnownFileType = folder.assetcatalog; path = Assets.xcassets; sourceTree = "<group>"; };
		57CCDAA722624AFF00CB4F15 /* Base */ = {isa = PBXFileReference; lastKnownFileType = file.storyboard; name = Base; path = Base.lproj/LaunchScreen.storyboard; sourceTree = "<group>"; };
		57CCDAA922624AFF00CB4F15 /* Info.plist */ = {isa = PBXFileReference; lastKnownFileType = text.plist.xml; path = Info.plist; sourceTree = "<group>"; };
		57CCDAAF22625BEF00CB4F15 /* Message.swift */ = {isa = PBXFileReference; lastKnownFileType = sourcecode.swift; path = Message.swift; sourceTree = "<group>"; };
		57CCDAB12262688500CB4F15 /* MessageSpec.swift */ = {isa = PBXFileReference; lastKnownFileType = sourcecode.swift; path = MessageSpec.swift; sourceTree = "<group>"; };
		57CCDAB32262690100CB4F15 /* RemoteMessageGateway.swift */ = {isa = PBXFileReference; lastKnownFileType = sourcecode.swift; path = RemoteMessageGateway.swift; sourceTree = "<group>"; };
		57CCDAB522626A3D00CB4F15 /* ResultHandler.swift */ = {isa = PBXFileReference; lastKnownFileType = sourcecode.swift; path = ResultHandler.swift; sourceTree = "<group>"; };
		57CCDAB7226270FD00CB4F15 /* MessageGateway.swift */ = {isa = PBXFileReference; lastKnownFileType = sourcecode.swift; path = MessageGateway.swift; sourceTree = "<group>"; };
		57CCDAB92262712B00CB4F15 /* LocalMessageGateway.swift */ = {isa = PBXFileReference; lastKnownFileType = sourcecode.swift; path = LocalMessageGateway.swift; sourceTree = "<group>"; };
/* End PBXFileReference section */

/* Begin PBXFrameworksBuildPhase section */
		57CCDA9422624AFE00CB4F15 /* Frameworks */ = {
			isa = PBXFrameworksBuildPhase;
			buildActionMask = 2147483647;
			files = (
			);
			runOnlyForDeploymentPostprocessing = 0;
		};
/* End PBXFrameworksBuildPhase section */

/* Begin PBXGroup section */
		57CCDA8E22624AFE00CB4F15 = {
			isa = PBXGroup;
			children = (
				57CCDA9922624AFE00CB4F15 /* Replyr */,
				57CCDA9822624AFE00CB4F15 /* Products */,
			);
			sourceTree = "<group>";
		};
		57CCDA9822624AFE00CB4F15 /* Products */ = {
			isa = PBXGroup;
			children = (
				57CCDA9722624AFE00CB4F15 /* Replyr.app */,
			);
			name = Products;
			sourceTree = "<group>";
		};
		57CCDA9922624AFE00CB4F15 /* Replyr */ = {
			isa = PBXGroup;
			children = (
				57CCDA9A22624AFE00CB4F15 /* AppDelegate.swift */,
				57CCDAA422624AFF00CB4F15 /* Assets.xcassets */,
				57CCDAA922624AFF00CB4F15 /* Info.plist */,
				57CCDAA622624AFF00CB4F15 /* LaunchScreen.storyboard */,
				57CCDAB92262712B00CB4F15 /* LocalMessageGateway.swift */,
				57CCDA9E22624AFE00CB4F15 /* Main.storyboard */,
				57CCDA9C22624AFE00CB4F15 /* MainViewController.swift */,
				57CCDAAF22625BEF00CB4F15 /* Message.swift */,
				57CCDAB7226270FD00CB4F15 /* MessageGateway.swift */,
				57CCDAB12262688500CB4F15 /* MessageSpec.swift */,
				57CCDAB32262690100CB4F15 /* RemoteMessageGateway.swift */,
				57CCDAA122624AFE00CB4F15 /* Replyr.xcdatamodeld */,
				57CCDAB522626A3D00CB4F15 /* ResultHandler.swift */,
			);
			path = Replyr;
			sourceTree = "<group>";
		};
/* End PBXGroup section */

/* Begin PBXNativeTarget section */
		57CCDA9622624AFE00CB4F15 /* Replyr */ = {
			isa = PBXNativeTarget;
			buildConfigurationList = 57CCDAAC22624AFF00CB4F15 /* Build configuration list for PBXNativeTarget "Replyr" */;
			buildPhases = (
				57CCDA9322624AFE00CB4F15 /* Sources */,
				57CCDA9422624AFE00CB4F15 /* Frameworks */,
				57CCDA9522624AFE00CB4F15 /* Resources */,
			);
			buildRules = (
			);
			dependencies = (
			);
			name = Replyr;
			productName = Replyr;
			productReference = 57CCDA9722624AFE00CB4F15 /* Replyr.app */;
			productType = "com.apple.product-type.application";
		};
/* End PBXNativeTarget section */

/* Begin PBXProject section */
		57CCDA8F22624AFE00CB4F15 /* Project object */ = {
			isa = PBXProject;
			attributes = {
				LastSwiftUpdateCheck = 1020;
				LastUpgradeCheck = 1020;
				ORGANIZATIONNAME = "Azar Darr";
				TargetAttributes = {
					57CCDA9622624AFE00CB4F15 = {
						CreatedOnToolsVersion = 10.2;
					};
				};
			};
			buildConfigurationList = 57CCDA9222624AFE00CB4F15 /* Build configuration list for PBXProject "Replyr" */;
			compatibilityVersion = "Xcode 9.3";
			developmentRegion = en;
			hasScannedForEncodings = 0;
			knownRegions = (
				en,
				Base,
			);
			mainGroup = 57CCDA8E22624AFE00CB4F15;
			productRefGroup = 57CCDA9822624AFE00CB4F15 /* Products */;
			projectDirPath = "";
			projectRoot = "";
			targets = (
				57CCDA9622624AFE00CB4F15 /* Replyr */,
			);
		};
/* End PBXProject section */

/* Begin PBXResourcesBuildPhase section */
		57CCDA9522624AFE00CB4F15 /* Resources */ = {
			isa = PBXResourcesBuildPhase;
			buildActionMask = 2147483647;
			files = (
				57CCDAA822624AFF00CB4F15 /* LaunchScreen.storyboard in Resources */,
				57CCDAA522624AFF00CB4F15 /* Assets.xcassets in Resources */,
				57CCDAA022624AFE00CB4F15 /* Main.storyboard in Resources */,
			);
			runOnlyForDeploymentPostprocessing = 0;
		};
/* End PBXResourcesBuildPhase section */

/* Begin PBXSourcesBuildPhase section */
		57CCDA9322624AFE00CB4F15 /* Sources */ = {
			isa = PBXSourcesBuildPhase;
			buildActionMask = 2147483647;
			files = (
				57CCDA9D22624AFE00CB4F15 /* MainViewController.swift in Sources */,
				57CCDAB22262688500CB4F15 /* MessageSpec.swift in Sources */,
				57CCDAB42262690100CB4F15 /* RemoteMessageGateway.swift in Sources */,
				57CCDAB622626A3D00CB4F15 /* ResultHandler.swift in Sources */,
				57CCDAB022625BEF00CB4F15 /* Message.swift in Sources */,
				57CCDA9B22624AFE00CB4F15 /* AppDelegate.swift in Sources */,
				57CCDAB8226270FD00CB4F15 /* MessageGateway.swift in Sources */,
				57CCDAA322624AFE00CB4F15 /* Replyr.xcdatamodeld in Sources */,
				57CCDABA2262712B00CB4F15 /* LocalMessageGateway.swift in Sources */,
			);
			runOnlyForDeploymentPostprocessing = 0;
		};
/* End PBXSourcesBuildPhase section */

/* Begin PBXVariantGroup section */
		57CCDA9E22624AFE00CB4F15 /* Main.storyboard */ = {
			isa = PBXVariantGroup;
			children = (
				57CCDA9F22624AFE00CB4F15 /* Base */,
			);
			name = Main.storyboard;
			sourceTree = "<group>";
		};
		57CCDAA622624AFF00CB4F15 /* LaunchScreen.storyboard */ = {
			isa = PBXVariantGroup;
			children = (
				57CCDAA722624AFF00CB4F15 /* Base */,
			);
			name = LaunchScreen.storyboard;
			sourceTree = "<group>";
		};
/* End PBXVariantGroup section */

/* Begin XCBuildConfiguration section */
		57CCDAAA22624AFF00CB4F15 /* Debug */ = {
			isa = XCBuildConfiguration;
			buildSettings = {
				ALWAYS_SEARCH_USER_PATHS = NO;
				CLANG_ANALYZER_NONNULL = YES;
				CLANG_ANALYZER_NUMBER_OBJECT_CONVERSION = YES_AGGRESSIVE;
				CLANG_CXX_LANGUAGE_STANDARD = "gnu++14";
				CLANG_CXX_LIBRARY = "libc++";
				CLANG_ENABLE_MODULES = YES;
				CLANG_ENABLE_OBJC_ARC = YES;
				CLANG_ENABLE_OBJC_WEAK = YES;
				CLANG_WARN_BLOCK_CAPTURE_AUTORELEASING = YES;
				CLANG_WARN_BOOL_CONVERSION = YES;
				CLANG_WARN_COMMA = YES;
				CLANG_WARN_CONSTANT_CONVERSION = YES;
				CLANG_WARN_DEPRECATED_OBJC_IMPLEMENTATIONS = YES;
				CLANG_WARN_DIRECT_OBJC_ISA_USAGE = YES_ERROR;
				CLANG_WARN_DOCUMENTATION_COMMENTS = YES;
				CLANG_WARN_EMPTY_BODY = YES;
				CLANG_WARN_ENUM_CONVERSION = YES;
				CLANG_WARN_INFINITE_RECURSION = YES;
				CLANG_WARN_INT_CONVERSION = YES;
				CLANG_WARN_NON_LITERAL_NULL_CONVERSION = YES;
				CLANG_WARN_OBJC_IMPLICIT_RETAIN_SELF = YES;
				CLANG_WARN_OBJC_LITERAL_CONVERSION = YES;
				CLANG_WARN_OBJC_ROOT_CLASS = YES_ERROR;
				CLANG_WARN_RANGE_LOOP_ANALYSIS = YES;
				CLANG_WARN_STRICT_PROTOTYPES = YES;
				CLANG_WARN_SUSPICIOUS_MOVE = YES;
				CLANG_WARN_UNGUARDED_AVAILABILITY = YES_AGGRESSIVE;
				CLANG_WARN_UNREACHABLE_CODE = YES;
				CLANG_WARN__DUPLICATE_METHOD_MATCH = YES;
				CODE_SIGN_IDENTITY = "iPhone Developer";
				COPY_PHASE_STRIP = NO;
				DEBUG_INFORMATION_FORMAT = dwarf;
				ENABLE_STRICT_OBJC_MSGSEND = YES;
				ENABLE_TESTABILITY = YES;
				GCC_C_LANGUAGE_STANDARD = gnu11;
				GCC_DYNAMIC_NO_PIC = NO;
				GCC_NO_COMMON_BLOCKS = YES;
				GCC_OPTIMIZATION_LEVEL = 0;
				GCC_PREPROCESSOR_DEFINITIONS = (
					"DEBUG=1",
					"$(inherited)",
				);
				GCC_WARN_64_TO_32_BIT_CONVERSION = YES;
				GCC_WARN_ABOUT_RETURN_TYPE = YES_ERROR;
				GCC_WARN_UNDECLARED_SELECTOR = YES;
				GCC_WARN_UNINITIALIZED_AUTOS = YES_AGGRESSIVE;
				GCC_WARN_UNUSED_FUNCTION = YES;
				GCC_WARN_UNUSED_VARIABLE = YES;
				IPHONEOS_DEPLOYMENT_TARGET = 12.2;
				MTL_ENABLE_DEBUG_INFO = INCLUDE_SOURCE;
				MTL_FAST_MATH = YES;
				ONLY_ACTIVE_ARCH = YES;
				SDKROOT = iphoneos;
				SWIFT_ACTIVE_COMPILATION_CONDITIONS = DEBUG;
				SWIFT_OPTIMIZATION_LEVEL = "-Onone";
			};
			name = Debug;
		};
		57CCDAAB22624AFF00CB4F15 /* Release */ = {
			isa = XCBuildConfiguration;
			buildSettings = {
				ALWAYS_SEARCH_USER_PATHS = NO;
				CLANG_ANALYZER_NONNULL = YES;
				CLANG_ANALYZER_NUMBER_OBJECT_CONVERSION = YES_AGGRESSIVE;
				CLANG_CXX_LANGUAGE_STANDARD = "gnu++14";
				CLANG_CXX_LIBRARY = "libc++";
				CLANG_ENABLE_MODULES = YES;
				CLANG_ENABLE_OBJC_ARC = YES;
				CLANG_ENABLE_OBJC_WEAK = YES;
				CLANG_WARN_BLOCK_CAPTURE_AUTORELEASING = YES;
				CLANG_WARN_BOOL_CONVERSION = YES;
				CLANG_WARN_COMMA = YES;
				CLANG_WARN_CONSTANT_CONVERSION = YES;
				CLANG_WARN_DEPRECATED_OBJC_IMPLEMENTATIONS = YES;
				CLANG_WARN_DIRECT_OBJC_ISA_USAGE = YES_ERROR;
				CLANG_WARN_DOCUMENTATION_COMMENTS = YES;
				CLANG_WARN_EMPTY_BODY = YES;
				CLANG_WARN_ENUM_CONVERSION = YES;
				CLANG_WARN_INFINITE_RECURSION = YES;
				CLANG_WARN_INT_CONVERSION = YES;
				CLANG_WARN_NON_LITERAL_NULL_CONVERSION = YES;
				CLANG_WARN_OBJC_IMPLICIT_RETAIN_SELF = YES;
				CLANG_WARN_OBJC_LITERAL_CONVERSION = YES;
				CLANG_WARN_OBJC_ROOT_CLASS = YES_ERROR;
				CLANG_WARN_RANGE_LOOP_ANALYSIS = YES;
				CLANG_WARN_STRICT_PROTOTYPES = YES;
				CLANG_WARN_SUSPICIOUS_MOVE = YES;
				CLANG_WARN_UNGUARDED_AVAILABILITY = YES_AGGRESSIVE;
				CLANG_WARN_UNREACHABLE_CODE = YES;
				CLANG_WARN__DUPLICATE_METHOD_MATCH = YES;
				CODE_SIGN_IDENTITY = "iPhone Developer";
				COPY_PHASE_STRIP = NO;
				DEBUG_INFORMATION_FORMAT = "dwarf-with-dsym";
				ENABLE_NS_ASSERTIONS = NO;
				ENABLE_STRICT_OBJC_MSGSEND = YES;
				GCC_C_LANGUAGE_STANDARD = gnu11;
				GCC_NO_COMMON_BLOCKS = YES;
				GCC_WARN_64_TO_32_BIT_CONVERSION = YES;
				GCC_WARN_ABOUT_RETURN_TYPE = YES_ERROR;
				GCC_WARN_UNDECLARED_SELECTOR = YES;
				GCC_WARN_UNINITIALIZED_AUTOS = YES_AGGRESSIVE;
				GCC_WARN_UNUSED_FUNCTION = YES;
				GCC_WARN_UNUSED_VARIABLE = YES;
				IPHONEOS_DEPLOYMENT_TARGET = 12.2;
				MTL_ENABLE_DEBUG_INFO = NO;
				MTL_FAST_MATH = YES;
				SDKROOT = iphoneos;
				SWIFT_COMPILATION_MODE = wholemodule;
				SWIFT_OPTIMIZATION_LEVEL = "-O";
				VALIDATE_PRODUCT = YES;
			};
			name = Release;
		};
		57CCDAAD22624AFF00CB4F15 /* Debug */ = {
			isa = XCBuildConfiguration;
			buildSettings = {
				ASSETCATALOG_COMPILER_APPICON_NAME = AppIcon;
				CODE_SIGN_STYLE = Automatic;
				DEVELOPMENT_TEAM = LBVM92U9CT;
				INFOPLIST_FILE = Replyr/Info.plist;
				LD_RUNPATH_SEARCH_PATHS = (
					"$(inherited)",
					"@executable_path/Frameworks",
				);
				PRODUCT_BUNDLE_IDENTIFIER = com.azardarr.Replyr;
				PRODUCT_NAME = "$(TARGET_NAME)";
				SWIFT_VERSION = 5.0;
				TARGETED_DEVICE_FAMILY = "1,2";
			};
			name = Debug;
		};
		57CCDAAE22624AFF00CB4F15 /* Release */ = {
			isa = XCBuildConfiguration;
			buildSettings = {
				ASSETCATALOG_COMPILER_APPICON_NAME = AppIcon;
				CODE_SIGN_STYLE = Automatic;
				DEVELOPMENT_TEAM = LBVM92U9CT;
				INFOPLIST_FILE = Replyr/Info.plist;
				LD_RUNPATH_SEARCH_PATHS = (
					"$(inherited)",
					"@executable_path/Frameworks",
				);
				PRODUCT_BUNDLE_IDENTIFIER = com.azardarr.Replyr;
				PRODUCT_NAME = "$(TARGET_NAME)";
				SWIFT_VERSION = 5.0;
				TARGETED_DEVICE_FAMILY = "1,2";
			};
			name = Release;
		};
/* End XCBuildConfiguration section */

/* Begin XCConfigurationList section */
		57CCDA9222624AFE00CB4F15 /* Build configuration list for PBXProject "Replyr" */ = {
			isa = XCConfigurationList;
			buildConfigurations = (
				57CCDAAA22624AFF00CB4F15 /* Debug */,
				57CCDAAB22624AFF00CB4F15 /* Release */,
			);
			defaultConfigurationIsVisible = 0;
			defaultConfigurationName = Release;
		};
		57CCDAAC22624AFF00CB4F15 /* Build configuration list for PBXNativeTarget "Replyr" */ = {
			isa = XCConfigurationList;
			buildConfigurations = (
				57CCDAAD22624AFF00CB4F15 /* Debug */,
				57CCDAAE22624AFF00CB4F15 /* Release */,
			);
			defaultConfigurationIsVisible = 0;
			defaultConfigurationName = Release;
		};
/* End XCConfigurationList section */

/* Begin XCVersionGroup section */
		57CCDAA122624AFE00CB4F15 /* Replyr.xcdatamodeld */ = {
			isa = XCVersionGroup;
			children = (
				57CCDAA222624AFE00CB4F15 /* Replyr.xcdatamodel */,
			);
			currentVersion = 57CCDAA222624AFE00CB4F15 /* Replyr.xcdatamodel */;
			path = Replyr.xcdatamodeld;
			sourceTree = "<group>";
			versionGroupType = wrapper.xcdatamodel;
		};
/* End XCVersionGroup section */
	};
	rootObject = 57CCDA8F22624AFE00CB4F15 /* Project object */;
}
